
Microsoft Visual Studio Solution File, Format Version 12.00
# Visual Studio Version 17
VisualStudioVersion = 17.9.34622.214
MinimumVisualStudioVersion = 10.0.40219.1
Project("{FAE04EC0-301F-11D3-BF4B-00C04F79EFBC}") = "TakeTwo", "TakeTwo.csproj", "{F75F3B8B-D5D9-4EA5-AB65-177E4C69AC36}"
EndProject
Project("{FAE04EC0-301F-11D3-BF4B-00C04F79EFBC}") = "DataGrid Dashboard", "..\DataGrid Dashboard\DataGrid Dashboard.csproj", "{EADEBAA3-422F-43E7-8E2E-C4C99B7F4D88}"
EndProject
Global
	GlobalSection(SolutionConfigurationPlatforms) = preSolution
		Debug|Any CPU = Debug|Any CPU
		Release|Any CPU = Release|Any CPU
	EndGlobalSection
	GlobalSection(ProjectConfigurationPlatforms) = postSolution
		{F75F3B8B-D5D9-4EA5-AB65-177E4C69AC36}.Debug|Any CPU.ActiveCfg = Debug|Any CPU
		{F75F3B8B-D5D9-4EA5-AB65-177E4C69AC36}.Debug|Any CPU.Build.0 = Debug|Any CPU
		{F75F3B8B-D5D9-4EA5-AB65-177E4C69AC36}.Release|Any CPU.ActiveCfg = Release|Any CPU
		{F75F3B8B-D5D9-4EA5-AB65-177E4C69AC36}.Release|Any CPU.Build.0 = Release|Any CPU
		{EADEBAA3-422F-43E7-8E2E-C4C99B7F4D88}.Debug|Any CPU.ActiveCfg = Debug|Any CPU
		{EADEBAA3-422F-43E7-8E2E-C4C99B7F4D88}.Debug|Any CPU.Build.0 = Debug|Any CPU
		{EADEBAA3-422F-43E7-8E2E-C4C99B7F4D88}.Release|Any CPU.ActiveCfg = Release|Any CPU
		{EADEBAA3-422F-43E7-8E2E-C4C99B7F4D88}.Release|Any CPU.Build.0 = Release|Any CPU
	EndGlobalSection
	GlobalSection(SolutionProperties) = preSolution
		HideSolutionNode = FALSE
	EndGlobalSection
	GlobalSection(ExtensibilityGlobals) = postSolution
		SolutionGuid = {C6AB2D0C-A7FA-444B-BC8B-1751CC436DBA}
	EndGlobalSection
EndGlobal
